
Microsoft Visual Studio Solution File, Format Version 12.00
# Visual Studio 2012
Project("{8BC9CEB8-8B4A-11D0-8D11-00A0C91BC942}") = "dxdll8", "dxdll8\dxdll8.vcxproj", "{54C0BF48-14BF-45BE-9BD8-D5E834DC418D}"
EndProject
Global
	GlobalSection(SolutionConfigurationPlatforms) = preSolution
		Debug|Win32 = Debug|Win32
		Release|Win32 = Release|Win32
	EndGlobalSection
	GlobalSection(ProjectConfigurationPlatforms) = postSolution
		{54C0BF48-14BF-45BE-9BD8-D5E834DC418D}.Debug|Win32.ActiveCfg = Debug|Win32
		{54C0BF48-14BF-45BE-9BD8-D5E834DC418D}.Debug|Win32.Build.0 = Debug|Win32
		{54C0BF48-14BF-45BE-9BD8-D5E834DC418D}.Release|Win32.ActiveCfg = Release|Win32
		{54C0BF48-14BF-45BE-9BD8-D5E834DC418D}.Release|Win32.Build.0 = Release|Win32
	EndGlobalSection
	GlobalSection(SolutionProperties) = preSolution
		HideSolutionNode = FALSE
	EndGlobalSection
EndGlobal
